
Microsoft Visual Studio Solution File, Format Version 12.00
# Visual Studio Version 17
VisualStudioVersion = 17.10.35013.160
MinimumVisualStudioVersion = 10.0.40219.1
Project("{FAE04EC0-301F-11D3-BF4B-00C04F79EFBC}") = "RestClientService", "RestClientService.csproj", "{5AEEC5BA-6CB9-4F71-AFFD-FD2DAD9F1CC3}"
EndProject
Project("{FAE04EC0-301F-11D3-BF4B-00C04F79EFBC}") = "RestClienttService", "..\RestClienttService\RestClienttService.csproj", "{3263D54C-A565-4834-8E50-EB9160302ED4}"
EndProject
Project("{FAE04EC0-301F-11D3-BF4B-00C04F79EFBC}") = "RestClientModels", "..\RestClientModels\RestClientModels.csproj", "{0C45509D-5D7F-45D9-A7D3-1DDC2F535AE1}"
EndProject
Global
	GlobalSection(SolutionConfigurationPlatforms) = preSolution
		Debug|Any CPU = Debug|Any CPU
		Release|Any CPU = Release|Any CPU
	EndGlobalSection
	GlobalSection(ProjectConfigurationPlatforms) = postSolution
		{5AEEC5BA-6CB9-4F71-AFFD-FD2DAD9F1CC3}.Debug|Any CPU.ActiveCfg = Debug|Any CPU
		{5AEEC5BA-6CB9-4F71-AFFD-FD2DAD9F1CC3}.Debug|Any CPU.Build.0 = Debug|Any CPU
		{5AEEC5BA-6CB9-4F71-AFFD-FD2DAD9F1CC3}.Release|Any CPU.ActiveCfg = Release|Any CPU
		{5AEEC5BA-6CB9-4F71-AFFD-FD2DAD9F1CC3}.Release|Any CPU.Build.0 = Release|Any CPU
		{3263D54C-A565-4834-8E50-EB9160302ED4}.Debug|Any CPU.ActiveCfg = Debug|Any CPU
		{3263D54C-A565-4834-8E50-EB9160302ED4}.Debug|Any CPU.Build.0 = Debug|Any CPU
		{3263D54C-A565-4834-8E50-EB9160302ED4}.Release|Any CPU.ActiveCfg = Release|Any CPU
		{3263D54C-A565-4834-8E50-EB9160302ED4}.Release|Any CPU.Build.0 = Release|Any CPU
		{0C45509D-5D7F-45D9-A7D3-1DDC2F535AE1}.Debug|Any CPU.ActiveCfg = Debug|Any CPU
		{0C45509D-5D7F-45D9-A7D3-1DDC2F535AE1}.Debug|Any CPU.Build.0 = Debug|Any CPU
		{0C45509D-5D7F-45D9-A7D3-1DDC2F535AE1}.Release|Any CPU.ActiveCfg = Release|Any CPU
		{0C45509D-5D7F-45D9-A7D3-1DDC2F535AE1}.Release|Any CPU.Build.0 = Release|Any CPU
	EndGlobalSection
	GlobalSection(SolutionProperties) = preSolution
		HideSolutionNode = FALSE
	EndGlobalSection
	GlobalSection(ExtensibilityGlobals) = postSolution
		SolutionGuid = {24A98FF3-1DAE-429F-8230-548A9E5B70E9}
	EndGlobalSection
EndGlobal
